
Microsoft Visual Studio Solution File, Format Version 12.00
# Visual Studio Version 17
VisualStudioVersion = 17.14.36511.14
MinimumVisualStudioVersion = 10.0.40219.1
Project("{FAE04EC0-301F-11D3-BF4B-00C04F79EFBC}") = "NHQueryBuilder", "NHQueryBuilder\NHQueryBuilder.csproj", "{E4FD88C4-D061-4B4B-98B4-861DC755048A}"
EndProject
Project("{FAE04EC0-301F-11D3-BF4B-00C04F79EFBC}") = "NHQueryBuilder.DatabaseSetup", "NHQueryBuilder.DatabaseSetup\NHQueryBuilder.DatabaseSetup.csproj", "{B80DEB46-A504-4E4A-BB6B-05C9A5AF6242}"
EndProject
Project("{FAE04EC0-301F-11D3-BF4B-00C04F79EFBC}") = "NHQueryBuilder.Example", "NHQueryBuilder.Example\NHQueryBuilder.Example.csproj", "{347FD130-C0BD-499A-A86B-CC783FA3614B}"
EndProject
Project("{FAE04EC0-301F-11D3-BF4B-00C04F79EFBC}") = "NHQueryBuilder.UnitTest", "NHQueryBuilder.UnitTest\NHQueryBuilder.UnitTest.csproj", "{71DDD5A5-1DF6-4CB5-9029-0C56090FF65C}"
EndProject
Global
	GlobalSection(SolutionConfigurationPlatforms) = preSolution
		Debug|Any CPU = Debug|Any CPU
		Release|Any CPU = Release|Any CPU
	EndGlobalSection
	GlobalSection(ProjectConfigurationPlatforms) = postSolution
		{E4FD88C4-D061-4B4B-98B4-861DC755048A}.Debug|Any CPU.ActiveCfg = Debug|Any CPU
		{E4FD88C4-D061-4B4B-98B4-861DC755048A}.Debug|Any CPU.Build.0 = Debug|Any CPU
		{E4FD88C4-D061-4B4B-98B4-861DC755048A}.Release|Any CPU.ActiveCfg = Release|Any CPU
		{E4FD88C4-D061-4B4B-98B4-861DC755048A}.Release|Any CPU.Build.0 = Release|Any CPU
		{B80DEB46-A504-4E4A-BB6B-05C9A5AF6242}.Debug|Any CPU.ActiveCfg = Debug|Any CPU
		{B80DEB46-A504-4E4A-BB6B-05C9A5AF6242}.Debug|Any CPU.Build.0 = Debug|Any CPU
		{B80DEB46-A504-4E4A-BB6B-05C9A5AF6242}.Release|Any CPU.ActiveCfg = Release|Any CPU
		{B80DEB46-A504-4E4A-BB6B-05C9A5AF6242}.Release|Any CPU.Build.0 = Release|Any CPU
		{347FD130-C0BD-499A-A86B-CC783FA3614B}.Debug|Any CPU.ActiveCfg = Debug|Any CPU
		{347FD130-C0BD-499A-A86B-CC783FA3614B}.Debug|Any CPU.Build.0 = Debug|Any CPU
		{347FD130-C0BD-499A-A86B-CC783FA3614B}.Release|Any CPU.ActiveCfg = Release|Any CPU
		{347FD130-C0BD-499A-A86B-CC783FA3614B}.Release|Any CPU.Build.0 = Release|Any CPU
		{71DDD5A5-1DF6-4CB5-9029-0C56090FF65C}.Debug|Any CPU.ActiveCfg = Debug|Any CPU
		{71DDD5A5-1DF6-4CB5-9029-0C56090FF65C}.Debug|Any CPU.Build.0 = Debug|Any CPU
		{71DDD5A5-1DF6-4CB5-9029-0C56090FF65C}.Release|Any CPU.ActiveCfg = Release|Any CPU
		{71DDD5A5-1DF6-4CB5-9029-0C56090FF65C}.Release|Any CPU.Build.0 = Release|Any CPU
	EndGlobalSection
	GlobalSection(SolutionProperties) = preSolution
		HideSolutionNode = FALSE
	EndGlobalSection
	GlobalSection(ExtensibilityGlobals) = postSolution
		SolutionGuid = {6A4DB43F-30D7-41C0-B89E-A208D5DE0C15}
	EndGlobalSection
EndGlobal
